
Microsoft Visual Studio Solution File, Format Version 12.00
# Visual Studio Version 16
VisualStudioVersion = 16.0.29306.81
MinimumVisualStudioVersion = 10.0.40219.1
Project("{FAE04EC0-301F-11D3-BF4B-00C04F79EFBC}") = "StudentApplication", "StudentApplication\StudentApplication.csproj", "{69B53E6D-D439-46E6-ADAF-9B5F49AA68E6}"
EndProject
Global
	GlobalSection(SolutionConfigurationPlatforms) = preSolution
		Debug|Any CPU = Debug|Any CPU
		Release|Any CPU = Release|Any CPU
	EndGlobalSection
	GlobalSection(ProjectConfigurationPlatforms) = postSolution
		{69B53E6D-D439-46E6-ADAF-9B5F49AA68E6}.Debug|Any CPU.ActiveCfg = Debug|Any CPU
		{69B53E6D-D439-46E6-ADAF-9B5F49AA68E6}.Debug|Any CPU.Build.0 = Debug|Any CPU
		{69B53E6D-D439-46E6-ADAF-9B5F49AA68E6}.Release|Any CPU.ActiveCfg = Release|Any CPU
		{69B53E6D-D439-46E6-ADAF-9B5F49AA68E6}.Release|Any CPU.Build.0 = Release|Any CPU
	EndGlobalSection
	GlobalSection(SolutionProperties) = preSolution
		HideSolutionNode = FALSE
	EndGlobalSection
	GlobalSection(ExtensibilityGlobals) = postSolution
		SolutionGuid = {19D06D0F-ACC3-460F-B379-4B24084AB908}
	EndGlobalSection
EndGlobal
